
Microsoft Visual Studio Solution File, Format Version 12.00
# Visual Studio 15
VisualStudioVersion = 15.0.28307.902
MinimumVisualStudioVersion = 10.0.40219.1
Project("{F184B08F-C81C-45F6-A57F-5ABD9991F28F}") = "Randomize", "Randomize\Randomize.vbproj", "{61B083E0-AC4C-4031-85CB-06C6F4796582}"
EndProject
Global
	GlobalSection(SolutionConfigurationPlatforms) = preSolution
		Debug|Any CPU = Debug|Any CPU
		Release|Any CPU = Release|Any CPU
	EndGlobalSection
	GlobalSection(ProjectConfigurationPlatforms) = postSolution
		{61B083E0-AC4C-4031-85CB-06C6F4796582}.Debug|Any CPU.ActiveCfg = Debug|Any CPU
		{61B083E0-AC4C-4031-85CB-06C6F4796582}.Debug|Any CPU.Build.0 = Debug|Any CPU
		{61B083E0-AC4C-4031-85CB-06C6F4796582}.Release|Any CPU.ActiveCfg = Release|Any CPU
		{61B083E0-AC4C-4031-85CB-06C6F4796582}.Release|Any CPU.Build.0 = Release|Any CPU
	EndGlobalSection
	GlobalSection(SolutionProperties) = preSolution
		HideSolutionNode = FALSE
	EndGlobalSection
	GlobalSection(ExtensibilityGlobals) = postSolution
		SolutionGuid = {9136A8F9-CE6B-42DB-B3C8-8A3817B7AA17}
	EndGlobalSection
EndGlobal
